
Microsoft Visual Studio Solution File, Format Version 12.00
# Visual Studio Version 17
VisualStudioVersion = 17.4.33122.133
MinimumVisualStudioVersion = 10.0.40219.1
Project("{9A19103F-16F7-4668-BE54-9A1E7A4F7556}") = "Hotel Management API", "Hotel Management API.csproj", "{AC160039-6900-4ACD-A584-0E80DD839090}"
EndProject
Project("{FAE04EC0-301F-11D3-BF4B-00C04F79EFBC}") = "Hotel Management API Tests", "..\Hotel Management API Tests\Hotel Management API Tests.csproj", "{AF5F1ACF-9D6F-406B-B926-023FEA6E9170}"
EndProject
Global
	GlobalSection(SolutionConfigurationPlatforms) = preSolution
		Debug|Any CPU = Debug|Any CPU
		Release|Any CPU = Release|Any CPU
	EndGlobalSection
	GlobalSection(ProjectConfigurationPlatforms) = postSolution
		{AC160039-6900-4ACD-A584-0E80DD839090}.Debug|Any CPU.ActiveCfg = Debug|Any CPU
		{AC160039-6900-4ACD-A584-0E80DD839090}.Debug|Any CPU.Build.0 = Debug|Any CPU
		{AC160039-6900-4ACD-A584-0E80DD839090}.Release|Any CPU.ActiveCfg = Release|Any CPU
		{AC160039-6900-4ACD-A584-0E80DD839090}.Release|Any CPU.Build.0 = Release|Any CPU
		{AF5F1ACF-9D6F-406B-B926-023FEA6E9170}.Debug|Any CPU.ActiveCfg = Debug|Any CPU
		{AF5F1ACF-9D6F-406B-B926-023FEA6E9170}.Debug|Any CPU.Build.0 = Debug|Any CPU
		{AF5F1ACF-9D6F-406B-B926-023FEA6E9170}.Release|Any CPU.ActiveCfg = Release|Any CPU
		{AF5F1ACF-9D6F-406B-B926-023FEA6E9170}.Release|Any CPU.Build.0 = Release|Any CPU
	EndGlobalSection
	GlobalSection(SolutionProperties) = preSolution
		HideSolutionNode = FALSE
	EndGlobalSection
	GlobalSection(ExtensibilityGlobals) = postSolution
		SolutionGuid = {64ECE80D-FA5B-4B04-BE0B-8BE557D6DF5D}
	EndGlobalSection
EndGlobal
